
Microsoft Visual Studio Solution File, Format Version 12.00
# Visual Studio Version 17
VisualStudioVersion = 17.6.33829.357
MinimumVisualStudioVersion = 10.0.40219.1
Project("{9A19103F-16F7-4668-BE54-9A1E7A4F7556}") = "ProEventos.Application", "ProEventos.Application\ProEventos.Application.csproj", "{9D931C09-6A24-4347-814F-76D8F41A7352}"
EndProject
Project("{9A19103F-16F7-4668-BE54-9A1E7A4F7556}") = "ProEventos.Domain", "ProEventos.Domain\ProEventos.Domain.csproj", "{9563BA4A-0963-4D55-9203-1319B35BAAFC}"
EndProject
Project("{9A19103F-16F7-4668-BE54-9A1E7A4F7556}") = "ProEventos.API", "ProEventos.API\ProEventos.API.csproj", "{8A9AB449-E785-404F-A2EF-B598A9533D95}"
EndProject
Project("{9A19103F-16F7-4668-BE54-9A1E7A4F7556}") = "ProEventos.Persistence", "ProEventos.Persistence\ProEventos.Persistence.csproj", "{896D577D-A971-4EFC-9049-E4FDAE6D9B89}"
EndProject
Global
	GlobalSection(SolutionConfigurationPlatforms) = preSolution
		Debug|Any CPU = Debug|Any CPU
		Debug|x64 = Debug|x64
		Debug|x86 = Debug|x86
		Release|Any CPU = Release|Any CPU
		Release|x64 = Release|x64
		Release|x86 = Release|x86
	EndGlobalSection
	GlobalSection(ProjectConfigurationPlatforms) = postSolution
		{9D931C09-6A24-4347-814F-76D8F41A7352}.Debug|Any CPU.ActiveCfg = Debug|Any CPU
		{9D931C09-6A24-4347-814F-76D8F41A7352}.Debug|Any CPU.Build.0 = Debug|Any CPU
		{9D931C09-6A24-4347-814F-76D8F41A7352}.Debug|x64.ActiveCfg = Debug|Any CPU
		{9D931C09-6A24-4347-814F-76D8F41A7352}.Debug|x64.Build.0 = Debug|Any CPU
		{9D931C09-6A24-4347-814F-76D8F41A7352}.Debug|x86.ActiveCfg = Debug|Any CPU
		{9D931C09-6A24-4347-814F-76D8F41A7352}.Debug|x86.Build.0 = Debug|Any CPU
		{9D931C09-6A24-4347-814F-76D8F41A7352}.Release|Any CPU.ActiveCfg = Release|Any CPU
		{9D931C09-6A24-4347-814F-76D8F41A7352}.Release|Any CPU.Build.0 = Release|Any CPU
		{9D931C09-6A24-4347-814F-76D8F41A7352}.Release|x64.ActiveCfg = Release|Any CPU
		{9D931C09-6A24-4347-814F-76D8F41A7352}.Release|x64.Build.0 = Release|Any CPU
		{9D931C09-6A24-4347-814F-76D8F41A7352}.Release|x86.ActiveCfg = Release|Any CPU
		{9D931C09-6A24-4347-814F-76D8F41A7352}.Release|x86.Build.0 = Release|Any CPU
		{9563BA4A-0963-4D55-9203-1319B35BAAFC}.Debug|Any CPU.ActiveCfg = Debug|Any CPU
		{9563BA4A-0963-4D55-9203-1319B35BAAFC}.Debug|Any CPU.Build.0 = Debug|Any CPU
		{9563BA4A-0963-4D55-9203-1319B35BAAFC}.Debug|x64.ActiveCfg = Debug|Any CPU
		{9563BA4A-0963-4D55-9203-1319B35BAAFC}.Debug|x64.Build.0 = Debug|Any CPU
		{9563BA4A-0963-4D55-9203-1319B35BAAFC}.Debug|x86.ActiveCfg = Debug|Any CPU
		{9563BA4A-0963-4D55-9203-1319B35BAAFC}.Debug|x86.Build.0 = Debug|Any CPU
		{9563BA4A-0963-4D55-9203-1319B35BAAFC}.Release|Any CPU.ActiveCfg = Release|Any CPU
		{9563BA4A-0963-4D55-9203-1319B35BAAFC}.Release|Any CPU.Build.0 = Release|Any CPU
		{9563BA4A-0963-4D55-9203-1319B35BAAFC}.Release|x64.ActiveCfg = Release|Any CPU
		{9563BA4A-0963-4D55-9203-1319B35BAAFC}.Release|x64.Build.0 = Release|Any CPU
		{9563BA4A-0963-4D55-9203-1319B35BAAFC}.Release|x86.ActiveCfg = Release|Any CPU
		{9563BA4A-0963-4D55-9203-1319B35BAAFC}.Release|x86.Build.0 = Release|Any CPU
		{8A9AB449-E785-404F-A2EF-B598A9533D95}.Debug|Any CPU.ActiveCfg = Debug|Any CPU
		{8A9AB449-E785-404F-A2EF-B598A9533D95}.Debug|Any CPU.Build.0 = Debug|Any CPU
		{8A9AB449-E785-404F-A2EF-B598A9533D95}.Debug|x64.ActiveCfg = Debug|Any CPU
		{8A9AB449-E785-404F-A2EF-B598A9533D95}.Debug|x64.Build.0 = Debug|Any CPU
		{8A9AB449-E785-404F-A2EF-B598A9533D95}.Debug|x86.ActiveCfg = Debug|Any CPU
		{8A9AB449-E785-404F-A2EF-B598A9533D95}.Debug|x86.Build.0 = Debug|Any CPU
		{8A9AB449-E785-404F-A2EF-B598A9533D95}.Release|Any CPU.ActiveCfg = Release|Any CPU
		{8A9AB449-E785-404F-A2EF-B598A9533D95}.Release|Any CPU.Build.0 = Release|Any CPU
		{8A9AB449-E785-404F-A2EF-B598A9533D95}.Release|x64.ActiveCfg = Release|Any CPU
		{8A9AB449-E785-404F-A2EF-B598A9533D95}.Release|x64.Build.0 = Release|Any CPU
		{8A9AB449-E785-404F-A2EF-B598A9533D95}.Release|x86.ActiveCfg = Release|Any CPU
		{8A9AB449-E785-404F-A2EF-B598A9533D95}.Release|x86.Build.0 = Release|Any CPU
		{896D577D-A971-4EFC-9049-E4FDAE6D9B89}.Debug|Any CPU.ActiveCfg = Debug|Any CPU
		{896D577D-A971-4EFC-9049-E4FDAE6D9B89}.Debug|Any CPU.Build.0 = Debug|Any CPU
		{896D577D-A971-4EFC-9049-E4FDAE6D9B89}.Debug|x64.ActiveCfg = Debug|Any CPU
		{896D577D-A971-4EFC-9049-E4FDAE6D9B89}.Debug|x64.Build.0 = Debug|Any CPU
		{896D577D-A971-4EFC-9049-E4FDAE6D9B89}.Debug|x86.ActiveCfg = Debug|Any CPU
		{896D577D-A971-4EFC-9049-E4FDAE6D9B89}.Debug|x86.Build.0 = Debug|Any CPU
		{896D577D-A971-4EFC-9049-E4FDAE6D9B89}.Release|Any CPU.ActiveCfg = Release|Any CPU
		{896D577D-A971-4EFC-9049-E4FDAE6D9B89}.Release|Any CPU.Build.0 = Release|Any CPU
		{896D577D-A971-4EFC-9049-E4FDAE6D9B89}.Release|x64.ActiveCfg = Release|Any CPU
		{896D577D-A971-4EFC-9049-E4FDAE6D9B89}.Release|x64.Build.0 = Release|Any CPU
		{896D577D-A971-4EFC-9049-E4FDAE6D9B89}.Release|x86.ActiveCfg = Release|Any CPU
		{896D577D-A971-4EFC-9049-E4FDAE6D9B89}.Release|x86.Build.0 = Release|Any CPU
	EndGlobalSection
	GlobalSection(SolutionProperties) = preSolution
		HideSolutionNode = FALSE
	EndGlobalSection
	GlobalSection(ExtensibilityGlobals) = postSolution
		SolutionGuid = {C9B84301-EE1F-40A8-AF07-3ADD27D196A0}
	EndGlobalSection
EndGlobal
